
Microsoft Visual Studio Solution File, Format Version 10.00
# Visual Studio 2008
Project("{FAE04EC0-301F-11D3-BF4B-00C04F79EFBC}") = "TitaniumColector", "TitaniumColector\TitaniumColector.csproj", "{DEA8317C-BAFB-4C24-8122-FFA686155EC3}"
EndProject
Project("{B900F1C2-3D47-4FEC-85B3-04AAF18C3634}") = "Titanium_Mobile_Cab", "Titanium_Mobile_Cab\Titanium_Mobile_Cab.vddproj", "{241F02D1-93CD-4E2D-8FA7-A2361A577A2C}"
EndProject
Global
	GlobalSection(SolutionConfigurationPlatforms) = preSolution
		Debug|Any CPU = Debug|Any CPU
		Release|Any CPU = Release|Any CPU
	EndGlobalSection
	GlobalSection(ProjectConfigurationPlatforms) = postSolution
		{DEA8317C-BAFB-4C24-8122-FFA686155EC3}.Debug|Any CPU.ActiveCfg = Debug|Any CPU
		{DEA8317C-BAFB-4C24-8122-FFA686155EC3}.Debug|Any CPU.Build.0 = Debug|Any CPU
		{DEA8317C-BAFB-4C24-8122-FFA686155EC3}.Debug|Any CPU.Deploy.0 = Debug|Any CPU
		{DEA8317C-BAFB-4C24-8122-FFA686155EC3}.Release|Any CPU.ActiveCfg = Release|Any CPU
		{DEA8317C-BAFB-4C24-8122-FFA686155EC3}.Release|Any CPU.Build.0 = Release|Any CPU
		{DEA8317C-BAFB-4C24-8122-FFA686155EC3}.Release|Any CPU.Deploy.0 = Release|Any CPU
		{241F02D1-93CD-4E2D-8FA7-A2361A577A2C}.Debug|Any CPU.ActiveCfg = Debug
		{241F02D1-93CD-4E2D-8FA7-A2361A577A2C}.Release|Any CPU.ActiveCfg = Release
	EndGlobalSection
	GlobalSection(SolutionProperties) = preSolution
		HideSolutionNode = FALSE
	EndGlobalSection
EndGlobal
